// !$*UTF8*$!
{
	archiveVersion = 1;
	classes = {
	};
	objectVersion = 56;
	objects = {

/* Begin PBXBuildFile section */
		BD1E4DBA2A7D220800A5F2DF /* appApp.swift in Sources */ = {isa = PBXBuildFile; fileRef = BD1E4DB92A7D220800A5F2DF /* appApp.swift */; };
		BD1E4DBC2A7D220800A5F2DF /* ContentView.swift in Sources */ = {isa = PBXBuildFile; fileRef = BD1E4DBB2A7D220800A5F2DF /* ContentView.swift */; };
		BD1E4DBE2A7D220A00A5F2DF /* Assets.xcassets in Resources */ = {isa = PBXBuildFile; fileRef = BD1E4DBD2A7D220A00A5F2DF /* Assets.xcassets */; };
		BD1E4DC12A7D220A00A5F2DF /* Preview Assets.xcassets in Resources */ = {isa = PBXBuildFile; fileRef = BD1E4DC02A7D220A00A5F2DF /* Preview Assets.xcassets */; };
		BD1E4DCB2A7D220A00A5F2DF /* appTests.swift in Sources */ = {isa = PBXBuildFile; fileRef = BD1E4DCA2A7D220A00A5F2DF /* appTests.swift */; };
		BD1E4DD52A7D220A00A5F2DF /* appUITests.swift in Sources */ = {isa = PBXBuildFile; fileRef = BD1E4DD42A7D220A00A5F2DF /* appUITests.swift */; };
		BD1E4DD72A7D220A00A5F2DF /* appUITestsLaunchTests.swift in Sources */ = {isa = PBXBuildFile; fileRef = BD1E4DD62A7D220A00A5F2DF /* appUITestsLaunchTests.swift */; };
/* End PBXBuildFile section */

/* Begin PBXContainerItemProxy section */
		BD1E4DC72A7D220A00A5F2DF /* PBXContainerItemProxy */ = {
			isa = PBXContainerItemProxy;
			containerPortal = BD1E4DAE2A7D220800A5F2DF /* Project object */;
			proxyType = 1;
			remoteGlobalIDString = BD1E4DB52A7D220800A5F2DF;
			remoteInfo = app;
		};
		BD1E4DD12A7D220A00A5F2DF /* PBXContainerItemProxy */ = {
			isa = PBXContainerItemProxy;
			containerPortal = BD1E4DAE2A7D220800A5F2DF /* Project object */;
			proxyType = 1;
			remoteGlobalIDString = BD1E4DB52A7D220800A5F2DF;
			remoteInfo = app;
		};
/* End PBXContainerItemProxy section */

/* Begin PBXFileReference section */
		BD1E4DB62A7D220800A5F2DF /* app.app */ = {isa = PBXFileReference; explicitFileType = wrapper.application; includeInIndex = 0; path = app.app; sourceTree = BUILT_PRODUCTS_DIR; };
		BD1E4DB92A7D220800A5F2DF /* appApp.swift */ = {isa = PBXFileReference; lastKnownFileType = sourcecode.swift; path = appApp.swift; sourceTree = "<group>"; };
		BD1E4DBB2A7D220800A5F2DF /* ContentView.swift */ = {isa = PBXFileReference; lastKnownFileType = sourcecode.swift; path = ContentView.swift; sourceTree = "<group>"; };
		BD1E4DBD2A7D220A00A5F2DF /* Assets.xcassets */ = {isa = PBXFileReference; lastKnownFileType = folder.assetcatalog; path = Assets.xcassets; sourceTree = "<group>"; };
		BD1E4DC02A7D220A00A5F2DF /* Preview Assets.xcassets */ = {isa = PBXFileReference; lastKnownFileType = folder.assetcatalog; path = "Preview Assets.xcassets"; sourceTree = "<group>"; };
		BD1E4DC62A7D220A00A5F2DF /* appTests.xctest */ = {isa = PBXFileReference; explicitFileType = wrapper.cfbundle; includeInIndex = 0; path = appTests.xctest; sourceTree = BUILT_PRODUCTS_DIR; };
		BD1E4DCA2A7D220A00A5F2DF /* appTests.swift */ = {isa = PBXFileReference; lastKnownFileType = sourcecode.swift; path = appTests.swift; sourceTree = "<group>"; };
		BD1E4DD02A7D220A00A5F2DF /* appUITests.xctest */ = {isa = PBXFileReference; explicitFileType = wrapper.cfbundle; includeInIndex = 0; path = appUITests.xctest; sourceTree = BUILT_PRODUCTS_DIR; };
		BD1E4DD42A7D220A00A5F2DF /* appUITests.swift */ = {isa = PBXFileReference; lastKnownFileType = sourcecode.swift; path = appUITests.swift; sourceTree = "<group>"; };
		BD1E4DD62A7D220A00A5F2DF /* appUITestsLaunchTests.swift */ = {isa = PBXFileReference; lastKnownFileType = sourcecode.swift; path = appUITestsLaunchTests.swift; sourceTree = "<group>"; };
/* End PBXFileReference section */

/* Begin PBXFrameworksBuildPhase section */
		BD1E4DB32A7D220800A5F2DF /* Frameworks */ = {
			isa = PBXFrameworksBuildPhase;
			buildActionMask = 2147483647;
			files = (
			);
			runOnlyForDeploymentPostprocessing = 0;
		};
		BD1E4DC32A7D220A00A5F2DF /* Frameworks */ = {
			isa = PBXFrameworksBuildPhase;
			buildActionMask = 2147483647;
			files = (
			);
			runOnlyForDeploymentPostprocessing = 0;
		};
		BD1E4DCD2A7D220A00A5F2DF /* Frameworks */ = {
			isa = PBXFrameworksBuildPhase;
			buildActionMask = 2147483647;
			files = (
			);
			runOnlyForDeploymentPostprocessing = 0;
		};
/* End PBXFrameworksBuildPhase section */

/* Begin PBXGroup section */
		BD1E4DAD2A7D220800A5F2DF = {
			isa = PBXGroup;
			children = (
				BD1E4DB82A7D220800A5F2DF /* app */,
				BD1E4DC92A7D220A00A5F2DF /* appTests */,
				BD1E4DD32A7D220A00A5F2DF /* appUITests */,
				BD1E4DB72A7D220800A5F2DF /* Products */,
			);
			sourceTree = "<group>";
		};
		BD1E4DB72A7D220800A5F2DF /* Products */ = {
			isa = PBXGroup;
			children = (
				BD1E4DB62A7D220800A5F2DF /* app.app */,
				BD1E4DC62A7D220A00A5F2DF /* appTests.xctest */,
				BD1E4DD02A7D220A00A5F2DF /* appUITests.xctest */,
			);
			name = Products;
			sourceTree = "<group>";
		};
		BD1E4DB82A7D220800A5F2DF /* app */ = {
			isa = PBXGroup;
			children = (
				BD1E4DB92A7D220800A5F2DF /* appApp.swift */,
				BD1E4DBB2A7D220800A5F2DF /* ContentView.swift */,
				BD1E4DBD2A7D220A00A5F2DF /* Assets.xcassets */,
				BD1E4DBF2A7D220A00A5F2DF /* Preview Content */,
			);
			path = app;
			sourceTree = "<group>";
		};
		BD1E4DBF2A7D220A00A5F2DF /* Preview Content */ = {
			isa = PBXGroup;
			children = (
				BD1E4DC02A7D220A00A5F2DF /* Preview Assets.xcassets */,
			);
			path = "Preview Content";
			sourceTree = "<group>";
		};
		BD1E4DC92A7D220A00A5F2DF /* appTests */ = {
			isa = PBXGroup;
			children = (
				BD1E4DCA2A7D220A00A5F2DF /* appTests.swift */,
			);
			path = appTests;
			sourceTree = "<group>";
		};
		BD1E4DD32A7D220A00A5F2DF /* appUITests */ = {
			isa = PBXGroup;
			children = (
				BD1E4DD42A7D220A00A5F2DF /* appUITests.swift */,
				BD1E4DD62A7D220A00A5F2DF /* appUITestsLaunchTests.swift */,
			);
			path = appUITests;
			sourceTree = "<group>";
		};
/* End PBXGroup section */

/* Begin PBXNativeTarget section */
		BD1E4DB52A7D220800A5F2DF /* app */ = {
			isa = PBXNativeTarget;
			buildConfigurationList = BD1E4DDA2A7D220A00A5F2DF /* Build configuration list for PBXNativeTarget "app" */;
			buildPhases = (
				BD1E4DB22A7D220800A5F2DF /* Sources */,
				BD1E4DB32A7D220800A5F2DF /* Frameworks */,
				BD1E4DB42A7D220800A5F2DF /* Resources */,
			);
			buildRules = (
			);
			dependencies = (
			);
			name = app;
			productName = app;
			productReference = BD1E4DB62A7D220800A5F2DF /* app.app */;
			productType = "com.apple.product-type.application";
		};
		BD1E4DC52A7D220A00A5F2DF /* appTests */ = {
			isa = PBXNativeTarget;
			buildConfigurationList = BD1E4DDD2A7D220A00A5F2DF /* Build configuration list for PBXNativeTarget "appTests" */;
			buildPhases = (
				BD1E4DC22A7D220A00A5F2DF /* Sources */,
				BD1E4DC32A7D220A00A5F2DF /* Frameworks */,
				BD1E4DC42A7D220A00A5F2DF /* Resources */,
			);
			buildRules = (
			);
			dependencies = (
				BD1E4DC82A7D220A00A5F2DF /* PBXTargetDependency */,
			);
			name = appTests;
			productName = appTests;
			productReference = BD1E4DC62A7D220A00A5F2DF /* appTests.xctest */;
			productType = "com.apple.product-type.bundle.unit-test";
		};
		BD1E4DCF2A7D220A00A5F2DF /* appUITests */ = {
			isa = PBXNativeTarget;
			buildConfigurationList = BD1E4DE02A7D220A00A5F2DF /* Build configuration list for PBXNativeTarget "appUITests" */;
			buildPhases = (
				BD1E4DCC2A7D220A00A5F2DF /* Sources */,
				BD1E4DCD2A7D220A00A5F2DF /* Frameworks */,
				BD1E4DCE2A7D220A00A5F2DF /* Resources */,
			);
			buildRules = (
			);
			dependencies = (
				BD1E4DD22A7D220A00A5F2DF /* PBXTargetDependency */,
			);
			name = appUITests;
			productName = appUITests;
			productReference = BD1E4DD02A7D220A00A5F2DF /* appUITests.xctest */;
			productType = "com.apple.product-type.bundle.ui-testing";
		};
/* End PBXNativeTarget section */

/* Begin PBXProject section */
		BD1E4DAE2A7D220800A5F2DF /* Project object */ = {
			isa = PBXProject;
			attributes = {
				BuildIndependentTargetsInParallel = 1;
				LastSwiftUpdateCheck = 1430;
				LastUpgradeCheck = 1430;
				TargetAttributes = {
					BD1E4DB52A7D220800A5F2DF = {
						CreatedOnToolsVersion = 14.3.1;
					};
					BD1E4DC52A7D220A00A5F2DF = {
						CreatedOnToolsVersion = 14.3.1;
						TestTargetID = BD1E4DB52A7D220800A5F2DF;
					};
					BD1E4DCF2A7D220A00A5F2DF = {
						CreatedOnToolsVersion = 14.3.1;
						TestTargetID = BD1E4DB52A7D220800A5F2DF;
					};
				};
			};
			buildConfigurationList = BD1E4DB12A7D220800A5F2DF /* Build configuration list for PBXProject "app" */;
			compatibilityVersion = "Xcode 14.0";
			developmentRegion = en;
			hasScannedForEncodings = 0;
			knownRegions = (
				en,
				Base,
			);
			mainGroup = BD1E4DAD2A7D220800A5F2DF;
			productRefGroup = BD1E4DB72A7D220800A5F2DF /* Products */;
			projectDirPath = "";
			projectRoot = "";
			targets = (
				BD1E4DB52A7D220800A5F2DF /* app */,
				BD1E4DC52A7D220A00A5F2DF /* appTests */,
				BD1E4DCF2A7D220A00A5F2DF /* appUITests */,
			);
		};
/* End PBXProject section */

/* Begin PBXResourcesBuildPhase section */
		BD1E4DB42A7D220800A5F2DF /* Resources */ = {
			isa = PBXResourcesBuildPhase;
			buildActionMask = 2147483647;
			files = (
				BD1E4DC12A7D220A00A5F2DF /* Preview Assets.xcassets in Resources */,
				BD1E4DBE2A7D220A00A5F2DF /* Assets.xcassets in Resources */,
			);
			runOnlyForDeploymentPostprocessing = 0;
		};
		BD1E4DC42A7D220A00A5F2DF /* Resources */ = {
			isa = PBXResourcesBuildPhase;
			buildActionMask = 2147483647;
			files = (
			);
			runOnlyForDeploymentPostprocessing = 0;
		};
		BD1E4DCE2A7D220A00A5F2DF /* Resources */ = {
			isa = PBXResourcesBuildPhase;
			buildActionMask = 2147483647;
			files = (
			);
			runOnlyForDeploymentPostprocessing = 0;
		};
/* End PBXResourcesBuildPhase section */

/* Begin PBXSourcesBuildPhase section */
		BD1E4DB22A7D220800A5F2DF /* Sources */ = {
			isa = PBXSourcesBuildPhase;
			buildActionMask = 2147483647;
			files = (
				BD1E4DBC2A7D220800A5F2DF /* ContentView.swift in Sources */,
				BD1E4DBA2A7D220800A5F2DF /* appApp.swift in Sources */,
			);
			runOnlyForDeploymentPostprocessing = 0;
		};
		BD1E4DC22A7D220A00A5F2DF /* Sources */ = {
			isa = PBXSourcesBuildPhase;
			buildActionMask = 2147483647;
			files = (
				BD1E4DCB2A7D220A00A5F2DF /* appTests.swift in Sources */,
			);
			runOnlyForDeploymentPostprocessing = 0;
		};
		BD1E4DCC2A7D220A00A5F2DF /* Sources */ = {
			isa = PBXSourcesBuildPhase;
			buildActionMask = 2147483647;
			files = (
				BD1E4DD72A7D220A00A5F2DF /* appUITestsLaunchTests.swift in Sources */,
				BD1E4DD52A7D220A00A5F2DF /* appUITests.swift in Sources */,
			);
			runOnlyForDeploymentPostprocessing = 0;
		};
/* End PBXSourcesBuildPhase section */

/* Begin PBXTargetDependency section */
		BD1E4DC82A7D220A00A5F2DF /* PBXTargetDependency */ = {
			isa = PBXTargetDependency;
			target = BD1E4DB52A7D220800A5F2DF /* app */;
			targetProxy = BD1E4DC72A7D220A00A5F2DF /* PBXContainerItemProxy */;
		};
		BD1E4DD22A7D220A00A5F2DF /* PBXTargetDependency */ = {
			isa = PBXTargetDependency;
			target = BD1E4DB52A7D220800A5F2DF /* app */;
			targetProxy = BD1E4DD12A7D220A00A5F2DF /* PBXContainerItemProxy */;
		};
/* End PBXTargetDependency section */

/* Begin XCBuildConfiguration section */
		BD1E4DD82A7D220A00A5F2DF /* Debug */ = {
			isa = XCBuildConfiguration;
			buildSettings = {
				ALWAYS_SEARCH_USER_PATHS = NO;
				CLANG_ANALYZER_NONNULL = YES;
				CLANG_ANALYZER_NUMBER_OBJECT_CONVERSION = YES_AGGRESSIVE;
				CLANG_CXX_LANGUAGE_STANDARD = "gnu++20";
				CLANG_ENABLE_MODULES = YES;
				CLANG_ENABLE_OBJC_ARC = YES;
				CLANG_ENABLE_OBJC_WEAK = YES;
				CLANG_WARN_BLOCK_CAPTURE_AUTORELEASING = YES;
				CLANG_WARN_BOOL_CONVERSION = YES;
				CLANG_WARN_COMMA = YES;
				CLANG_WARN_CONSTANT_CONVERSION = YES;
				CLANG_WARN_DEPRECATED_OBJC_IMPLEMENTATIONS = YES;
				CLANG_WARN_DIRECT_OBJC_ISA_USAGE = YES_ERROR;
				CLANG_WARN_DOCUMENTATION_COMMENTS = YES;
				CLANG_WARN_EMPTY_BODY = YES;
				CLANG_WARN_ENUM_CONVERSION = YES;
				CLANG_WARN_INFINITE_RECURSION = YES;
				CLANG_WARN_INT_CONVERSION = YES;
				CLANG_WARN_NON_LITERAL_NULL_CONVERSION = YES;
				CLANG_WARN_OBJC_IMPLICIT_RETAIN_SELF = YES;
				CLANG_WARN_OBJC_LITERAL_CONVERSION = YES;
				CLANG_WARN_OBJC_ROOT_CLASS = YES_ERROR;
				CLANG_WARN_QUOTED_INCLUDE_IN_FRAMEWORK_HEADER = YES;
				CLANG_WARN_RANGE_LOOP_ANALYSIS = YES;
				CLANG_WARN_STRICT_PROTOTYPES = YES;
				CLANG_WARN_SUSPICIOUS_MOVE = YES;
				CLANG_WARN_UNGUARDED_AVAILABILITY = YES_AGGRESSIVE;
				CLANG_WARN_UNREACHABLE_CODE = YES;
				CLANG_WARN__DUPLICATE_METHOD_MATCH = YES;
				COPY_PHASE_STRIP = NO;
				DEBUG_INFORMATION_FORMAT = dwarf;
				ENABLE_STRICT_OBJC_MSGSEND = YES;
				ENABLE_TESTABILITY = YES;
				GCC_C_LANGUAGE_STANDARD = gnu11;
				GCC_DYNAMIC_NO_PIC = NO;
				GCC_NO_COMMON_BLOCKS = YES;
				GCC_OPTIMIZATION_LEVEL = 0;
				GCC_PREPROCESSOR_DEFINITIONS = (
					"DEBUG=1",
					"$(inherited)",
				);
				GCC_WARN_64_TO_32_BIT_CONVERSION = YES;
				GCC_WARN_ABOUT_RETURN_TYPE = YES_ERROR;
				GCC_WARN_UNDECLARED_SELECTOR = YES;
				GCC_WARN_UNINITIALIZED_AUTOS = YES_AGGRESSIVE;
				GCC_WARN_UNUSED_FUNCTION = YES;
				GCC_WARN_UNUSED_VARIABLE = YES;
				IPHONEOS_DEPLOYMENT_TARGET = 16.4;
				MTL_ENABLE_DEBUG_INFO = INCLUDE_SOURCE;
				MTL_FAST_MATH = YES;
				ONLY_ACTIVE_ARCH = YES;
				SDKROOT = iphoneos;
				SWIFT_ACTIVE_COMPILATION_CONDITIONS = DEBUG;
				SWIFT_OPTIMIZATION_LEVEL = "-Onone";
			};
			name = Debug;
		};
		BD1E4DD92A7D220A00A5F2DF /* Release */ = {
			isa = XCBuildConfiguration;
			buildSettings = {
				ALWAYS_SEARCH_USER_PATHS = NO;
				CLANG_ANALYZER_NONNULL = YES;
				CLANG_ANALYZER_NUMBER_OBJECT_CONVERSION = YES_AGGRESSIVE;
				CLANG_CXX_LANGUAGE_STANDARD = "gnu++20";
				CLANG_ENABLE_MODULES = YES;
				CLANG_ENABLE_OBJC_ARC = YES;
				CLANG_ENABLE_OBJC_WEAK = YES;
				CLANG_WARN_BLOCK_CAPTURE_AUTORELEASING = YES;
				CLANG_WARN_BOOL_CONVERSION = YES;
				CLANG_WARN_COMMA = YES;
				CLANG_WARN_CONSTANT_CONVERSION = YES;
				CLANG_WARN_DEPRECATED_OBJC_IMPLEMENTATIONS = YES;
				CLANG_WARN_DIRECT_OBJC_ISA_USAGE = YES_ERROR;
				CLANG_WARN_DOCUMENTATION_COMMENTS = YES;
				CLANG_WARN_EMPTY_BODY = YES;
				CLANG_WARN_ENUM_CONVERSION = YES;
				CLANG_WARN_INFINITE_RECURSION = YES;
				CLANG_WARN_INT_CONVERSION = YES;
				CLANG_WARN_NON_LITERAL_NULL_CONVERSION = YES;
				CLANG_WARN_OBJC_IMPLICIT_RETAIN_SELF = YES;
				CLANG_WARN_OBJC_LITERAL_CONVERSION = YES;
				CLANG_WARN_OBJC_ROOT_CLASS = YES_ERROR;
				CLANG_WARN_QUOTED_INCLUDE_IN_FRAMEWORK_HEADER = YES;
				CLANG_WARN_RANGE_LOOP_ANALYSIS = YES;
				CLANG_WARN_STRICT_PROTOTYPES = YES;
				CLANG_WARN_SUSPICIOUS_MOVE = YES;
				CLANG_WARN_UNGUARDED_AVAILABILITY = YES_AGGRESSIVE;
				CLANG_WARN_UNREACHABLE_CODE = YES;
				CLANG_WARN__DUPLICATE_METHOD_MATCH = YES;
				COPY_PHASE_STRIP = NO;
				DEBUG_INFORMATION_FORMAT = "dwarf-with-dsym";
				ENABLE_NS_ASSERTIONS = NO;
				ENABLE_STRICT_OBJC_MSGSEND = YES;
				GCC_C_LANGUAGE_STANDARD = gnu11;
				GCC_NO_COMMON_BLOCKS = YES;
				GCC_WARN_64_TO_32_BIT_CONVERSION = YES;
				GCC_WARN_ABOUT_RETURN_TYPE = YES_ERROR;
				GCC_WARN_UNDECLARED_SELECTOR = YES;
				GCC_WARN_UNINITIALIZED_AUTOS = YES_AGGRESSIVE;
				GCC_WARN_UNUSED_FUNCTION = YES;
				GCC_WARN_UNUSED_VARIABLE = YES;
				IPHONEOS_DEPLOYMENT_TARGET = 16.4;
				MTL_ENABLE_DEBUG_INFO = NO;
				MTL_FAST_MATH = YES;
				SDKROOT = iphoneos;
				SWIFT_COMPILATION_MODE = wholemodule;
				SWIFT_OPTIMIZATION_LEVEL = "-O";
				VALIDATE_PRODUCT = YES;
			};
			name = Release;
		};
		BD1E4DDB2A7D220A00A5F2DF /* Debug */ = {
			isa = XCBuildConfiguration;
			buildSettings = {
				ASSETCATALOG_COMPILER_APPICON_NAME = AppIcon;
				ASSETCATALOG_COMPILER_GLOBAL_ACCENT_COLOR_NAME = AccentColor;
				CODE_SIGN_STYLE = Automatic;
				CURRENT_PROJECT_VERSION = 1;
				DEVELOPMENT_ASSET_PATHS = "\"app/Preview Content\"";
				DEVELOPMENT_TEAM = ZQ33A9BYM8;
				ENABLE_PREVIEWS = YES;
				GENERATE_INFOPLIST_FILE = YES;
				INFOPLIST_KEY_UIApplicationSceneManifest_Generation = YES;
				INFOPLIST_KEY_UIApplicationSupportsIndirectInputEvents = YES;
				INFOPLIST_KEY_UILaunchScreen_Generation = YES;
				INFOPLIST_KEY_UISupportedInterfaceOrientations_iPad = "UIInterfaceOrientationPortrait UIInterfaceOrientationPortraitUpsideDown UIInterfaceOrientationLandscapeLeft UIInterfaceOrientationLandscapeRight";
				INFOPLIST_KEY_UISupportedInterfaceOrientations_iPhone = "UIInterfaceOrientationPortrait UIInterfaceOrientationLandscapeLeft UIInterfaceOrientationLandscapeRight";
				LD_RUNPATH_SEARCH_PATHS = (
					"$(inherited)",
					"@executable_path/Frameworks",
				);
				MARKETING_VERSION = 1.0;
				PRODUCT_BUNDLE_IDENTIFIER = kwk.app;
				PRODUCT_NAME = "$(TARGET_NAME)";
				SWIFT_EMIT_LOC_STRINGS = YES;
				SWIFT_VERSION = 5.0;
				TARGETED_DEVICE_FAMILY = "1,2";
			};
			name = Debug;
		};
		BD1E4DDC2A7D220A00A5F2DF /* Release */ = {
			isa = XCBuildConfiguration;
			buildSettings = {
				ASSETCATALOG_COMPILER_APPICON_NAME = AppIcon;
				ASSETCATALOG_COMPILER_GLOBAL_ACCENT_COLOR_NAME = AccentColor;
				CODE_SIGN_STYLE = Automatic;
				CURRENT_PROJECT_VERSION = 1;
				DEVELOPMENT_ASSET_PATHS = "\"app/Preview Content\"";
				DEVELOPMENT_TEAM = ZQ33A9BYM8;
				ENABLE_PREVIEWS = YES;
				GENERATE_INFOPLIST_FILE = YES;
				INFOPLIST_KEY_UIApplicationSceneManifest_Generation = YES;
				INFOPLIST_KEY_UIApplicationSupportsIndirectInputEvents = YES;
				INFOPLIST_KEY_UILaunchScreen_Generation = YES;
				INFOPLIST_KEY_UISupportedInterfaceOrientations_iPad = "UIInterfaceOrientationPortrait UIInterfaceOrientationPortraitUpsideDown UIInterfaceOrientationLandscapeLeft UIInterfaceOrientationLandscapeRight";
				INFOPLIST_KEY_UISupportedInterfaceOrientations_iPhone = "UIInterfaceOrientationPortrait UIInterfaceOrientationLandscapeLeft UIInterfaceOrientationLandscapeRight";
				LD_RUNPATH_SEARCH_PATHS = (
					"$(inherited)",
					"@executable_path/Frameworks",
				);
				MARKETING_VERSION = 1.0;
				PRODUCT_BUNDLE_IDENTIFIER = kwk.app;
				PRODUCT_NAME = "$(TARGET_NAME)";
				SWIFT_EMIT_LOC_STRINGS = YES;
				SWIFT_VERSION = 5.0;
				TARGETED_DEVICE_FAMILY = "1,2";
			};
			name = Release;
		};
		BD1E4DDE2A7D220A00A5F2DF /* Debug */ = {
			isa = XCBuildConfiguration;
			buildSettings = {
				ALWAYS_EMBED_SWIFT_STANDARD_LIBRARIES = YES;
				BUNDLE_LOADER = "$(TEST_HOST)";
				CODE_SIGN_STYLE = Automatic;
				CURRENT_PROJECT_VERSION = 1;
				DEVELOPMENT_TEAM = ZQ33A9BYM8;
				GENERATE_INFOPLIST_FILE = YES;
				IPHONEOS_DEPLOYMENT_TARGET = 16.4;
				MARKETING_VERSION = 1.0;
				PRODUCT_BUNDLE_IDENTIFIER = kwk.appTests;
				PRODUCT_NAME = "$(TARGET_NAME)";
				SWIFT_EMIT_LOC_STRINGS = NO;
				SWIFT_VERSION = 5.0;
				TARGETED_DEVICE_FAMILY = "1,2";
				TEST_HOST = "$(BUILT_PRODUCTS_DIR)/app.app/$(BUNDLE_EXECUTABLE_FOLDER_PATH)/app";
			};
			name = Debug;
		};
		BD1E4DDF2A7D220A00A5F2DF /* Release */ = {
			isa = XCBuildConfiguration;
			buildSettings = {
				ALWAYS_EMBED_SWIFT_STANDARD_LIBRARIES = YES;
				BUNDLE_LOADER = "$(TEST_HOST)";
				CODE_SIGN_STYLE = Automatic;
				CURRENT_PROJECT_VERSION = 1;
				DEVELOPMENT_TEAM = ZQ33A9BYM8;
				GENERATE_INFOPLIST_FILE = YES;
				IPHONEOS_DEPLOYMENT_TARGET = 16.4;
				MARKETING_VERSION = 1.0;
				PRODUCT_BUNDLE_IDENTIFIER = kwk.appTests;
				PRODUCT_NAME = "$(TARGET_NAME)";
				SWIFT_EMIT_LOC_STRINGS = NO;
				SWIFT_VERSION = 5.0;
				TARGETED_DEVICE_FAMILY = "1,2";
				TEST_HOST = "$(BUILT_PRODUCTS_DIR)/app.app/$(BUNDLE_EXECUTABLE_FOLDER_PATH)/app";
			};
			name = Release;
		};
		BD1E4DE12A7D220A00A5F2DF /* Debug */ = {
			isa = XCBuildConfiguration;
			buildSettings = {
				ALWAYS_EMBED_SWIFT_STANDARD_LIBRARIES = YES;
				CODE_SIGN_STYLE = Automatic;
				CURRENT_PROJECT_VERSION = 1;
				DEVELOPMENT_TEAM = ZQ33A9BYM8;
				GENERATE_INFOPLIST_FILE = YES;
				MARKETING_VERSION = 1.0;
				PRODUCT_BUNDLE_IDENTIFIER = kwk.appUITests;
				PRODUCT_NAME = "$(TARGET_NAME)";
				SWIFT_EMIT_LOC_STRINGS = NO;
				SWIFT_VERSION = 5.0;
				TARGETED_DEVICE_FAMILY = "1,2";
				TEST_TARGET_NAME = app;
			};
			name = Debug;
		};
		BD1E4DE22A7D220A00A5F2DF /* Release */ = {
			isa = XCBuildConfiguration;
			buildSettings = {
				ALWAYS_EMBED_SWIFT_STANDARD_LIBRARIES = YES;
				CODE_SIGN_STYLE = Automatic;
				CURRENT_PROJECT_VERSION = 1;
				DEVELOPMENT_TEAM = ZQ33A9BYM8;
				GENERATE_INFOPLIST_FILE = YES;
				MARKETING_VERSION = 1.0;
				PRODUCT_BUNDLE_IDENTIFIER = kwk.appUITests;
				PRODUCT_NAME = "$(TARGET_NAME)";
				SWIFT_EMIT_LOC_STRINGS = NO;
				SWIFT_VERSION = 5.0;
				TARGETED_DEVICE_FAMILY = "1,2";
				TEST_TARGET_NAME = app;
			};
			name = Release;
		};
/* End XCBuildConfiguration section */

/* Begin XCConfigurationList section */
		BD1E4DB12A7D220800A5F2DF /* Build configuration list for PBXProject "app" */ = {
			isa = XCConfigurationList;
			buildConfigurations = (
				BD1E4DD82A7D220A00A5F2DF /* Debug */,
				BD1E4DD92A7D220A00A5F2DF /* Release */,
			);
			defaultConfigurationIsVisible = 0;
			defaultConfigurationName = Release;
		};
		BD1E4DDA2A7D220A00A5F2DF /* Build configuration list for PBXNativeTarget "app" */ = {
			isa = XCConfigurationList;
			buildConfigurations = (
				BD1E4DDB2A7D220A00A5F2DF /* Debug */,
				BD1E4DDC2A7D220A00A5F2DF /* Release */,
			);
			defaultConfigurationIsVisible = 0;
			defaultConfigurationName = Release;
		};
		BD1E4DDD2A7D220A00A5F2DF /* Build configuration list for PBXNativeTarget "appTests" */ = {
			isa = XCConfigurationList;
			buildConfigurations = (
				BD1E4DDE2A7D220A00A5F2DF /* Debug */,
				BD1E4DDF2A7D220A00A5F2DF /* Release */,
			);
			defaultConfigurationIsVisible = 0;
			defaultConfigurationName = Release;
		};
		BD1E4DE02A7D220A00A5F2DF /* Build configuration list for PBXNativeTarget "appUITests" */ = {
			isa = XCConfigurationList;
			buildConfigurations = (
				BD1E4DE12A7D220A00A5F2DF /* Debug */,
				BD1E4DE22A7D220A00A5F2DF /* Release */,
			);
			defaultConfigurationIsVisible = 0;
			defaultConfigurationName = Release;
		};
/* End XCConfigurationList section */
	};
	rootObject = BD1E4DAE2A7D220800A5F2DF /* Project object */;
}
